
Microsoft Visual Studio Solution File, Format Version 12.00
# Visual Studio 15
VisualStudioVersion = 15.0.28307.421
MinimumVisualStudioVersion = 10.0.40219.1
Project("{FAE04EC0-301F-11D3-BF4B-00C04F79EFBC}") = "ConsoleAppModifyExcel", "ConsoleAppModifyExcel\ConsoleAppModifyExcel.csproj", "{A81FEABD-C2F3-4689-946A-C37801993FDA}"
EndProject
Global
	GlobalSection(SolutionConfigurationPlatforms) = preSolution
		Debug|Any CPU = Debug|Any CPU
		Release|Any CPU = Release|Any CPU
	EndGlobalSection
	GlobalSection(ProjectConfigurationPlatforms) = postSolution
		{A81FEABD-C2F3-4689-946A-C37801993FDA}.Debug|Any CPU.ActiveCfg = Debug|Any CPU
		{A81FEABD-C2F3-4689-946A-C37801993FDA}.Debug|Any CPU.Build.0 = Debug|Any CPU
		{A81FEABD-C2F3-4689-946A-C37801993FDA}.Release|Any CPU.ActiveCfg = Release|Any CPU
		{A81FEABD-C2F3-4689-946A-C37801993FDA}.Release|Any CPU.Build.0 = Release|Any CPU
	EndGlobalSection
	GlobalSection(SolutionProperties) = preSolution
		HideSolutionNode = FALSE
	EndGlobalSection
	GlobalSection(ExtensibilityGlobals) = postSolution
		SolutionGuid = {C1986F68-B8FE-410B-916E-CC419BDA9B13}
	EndGlobalSection
EndGlobal
